{
  "name": "mvc",
  "version": "1.0.0",
  "lockfileVersion": 1,
  "requires": true,
  "dependencies": {
    "@alicloud/dybaseapi": {
      "version": "1.0.0",
      "resolved": "https://registry.npm.taobao.org/@alicloud/dybaseapi/download/@alicloud/dybaseapi-1.0.0.tgz",
      "integrity": "sha1-VS7dCZD5Db1p1AI3zf7/w2bQofU=",
      "requires": {
        "@alicloud/pop-core": "^1.3.3"
      }
    },
    "@alicloud/dysmsapi-2017-05-25": {
      "version": "1.0.1",
      "resolved": "https://registry.npm.taobao.org/@alicloud/dysmsapi-2017-05-25/download/@alicloud/dysmsapi-2017-05-25-1.0.1.tgz",
      "integrity": "sha1-qKtpTb4QXrnWfL0eNzV/ag+Eh9U=",
      "requires": {
        "@alicloud/pop-core": "^1.5.1"
      }
    },
    "@alicloud/mns": {
      "version": "1.0.0",
      "resolved": "https://registry.npm.taobao.org/@alicloud/mns/download/@alicloud/mns-1.0.0.tgz",
      "integrity": "sha1-AzqBmJmNXtk9onw72f8LnusJDpY=",
      "requires": {
        "debug": "^2.6.3",
        "httpx": "^2.1.1",
        "kitx": "^1.2.0",
        "xml2js": "^0.4.17"
      }
    },
    "@alicloud/pop-core": {
      "version": "1.7.10",
      "resolved": "https://registry.npm.taobao.org/@alicloud/pop-core/download/@alicloud/pop-core-1.7.10.tgz",
      "integrity": "sha1-0OIhA227DM3kU90Jsc+r2DQbemk=",
      "requires": {
        "debug": "^3.1.0",
        "httpx": "^2.1.2",
        "json-bigint": "^1.0.0",
        "kitx": "^1.2.1",
        "xml2js": "^0.4.17"
      },
      "dependencies": {
        "debug": {
          "version": "3.2.7",
          "resolved": "https://registry.npm.taobao.org/debug/download/debug-3.2.7.tgz?cache=0&sync_timestamp=1607566580543&other_urls=https%3A%2F%2Fregistry.npm.taobao.org%2Fdebug%2Fdownload%2Fdebug-3.2.7.tgz",
          "integrity": "sha1-clgLfpFF+zm2Z2+cXl+xALk0F5o=",
          "requires": {
            "ms": "^2.1.1"
          }
        },
        "ms": {
          "version": "2.1.3",
          "resolved": "https://registry.npm.taobao.org/ms/download/ms-2.1.3.tgz?cache=0&sync_timestamp=1607433888963&other_urls=https%3A%2F%2Fregistry.npm.taobao.org%2Fms%2Fdownload%2Fms-2.1.3.tgz",
          "integrity": "sha1-V0yBOM4dK1hh8LRFedut1gxmFbI="
        }
      }
    },
    "@alicloud/sms-sdk": {
      "version": "1.1.6",
      "resolved": "https://registry.npm.taobao.org/@alicloud/sms-sdk/download/@alicloud/sms-sdk-1.1.6.tgz",
      "integrity": "sha1-dwHq4eCDLINo1nebQtWDaPlEy/A=",
      "requires": {
        "@alicloud/dybaseapi": "^1.0.0",
        "@alicloud/dysmsapi-2017-05-25": "^1.0.1",
        "@alicloud/mns": "^1.0.0-beta6",
        "babel-runtime": "^6.26.0"
      }
    },
    "@babel/runtime": {
      "version": "7.12.5",
      "resolved": "https://registry.npm.taobao.org/@babel/runtime/download/@babel/runtime-7.12.5.tgz?cache=0&sync_timestamp=1604441085826&other_urls=https%3A%2F%2Fregistry.npm.taobao.org%2F%40babel%2Fruntime%2Fdownload%2F%40babel%2Fruntime-7.12.5.tgz",
      "integrity": "sha1-QQ5+SHRB4bNgwpvnFdhw2bmFiC4=",
      "requires": {
        "regenerator-runtime": "^0.13.4"
      }
    },
    "@babel/runtime-corejs3": {
      "version": "7.12.5",
      "resolved": "https://registry.npm.taobao.org/@babel/runtime-corejs3/download/@babel/runtime-corejs3-7.12.5.tgz?cache=0&sync_timestamp=1604441322458&other_urls=https%3A%2F%2Fregistry.npm.taobao.org%2F%40babel%2Fruntime-corejs3%2Fdownload%2F%40babel%2Fruntime-corejs3-7.12.5.tgz",
      "integrity": "sha1-/+6R2g60xtrggHdOlLpgY2jkFPQ=",
      "requires": {
        "core-js-pure": "^3.0.0",
        "regenerator-runtime": "^0.13.4"
      }
    },
    "@types/node": {
      "version": "14.14.20",
      "resolved": "https://registry.npm.taobao.org/@types/node/download/@types/node-14.14.20.tgz?cache=0&sync_timestamp=1609792088183&other_urls=https%3A%2F%2Fregistry.npm.taobao.org%2F%40types%2Fnode%2Fdownload%2F%40types%2Fnode-14.14.20.tgz",
      "integrity": "sha1-95dIY+3SHR+KSUpz6OKzZYYVw0A="
    },
    "accepts": {
      "version": "1.3.7",
      "resolved": "https://registry.npm.taobao.org/accepts/download/accepts-1.3.7.tgz",
      "integrity": "sha1-UxvHJlF6OytB+FACHGzBXqq1B80=",
      "requires": {
        "mime-types": "~2.1.24",
        "negotiator": "0.6.2"
      }
    },
    "ansi-styles": {
      "version": "3.2.1",
      "resolved": "https://registry.npm.taobao.org/ansi-styles/download/ansi-styles-3.2.1.tgz?cache=0&sync_timestamp=1606792255762&other_urls=https%3A%2F%2Fregistry.npm.taobao.org%2Fansi-styles%2Fdownload%2Fansi-styles-3.2.1.tgz",
      "integrity": "sha1-QfuyAkPlCxK+DwS43tvwdSDOhB0=",
      "requires": {
        "color-convert": "^1.9.0"
      }
    },
    "array-flatten": {
      "version": "1.1.1",
      "resolved": "https://registry.npm.taobao.org/array-flatten/download/array-flatten-1.1.1.tgz",
      "integrity": "sha1-ml9pkFGx5wczKPKgCJaLZOopVdI="
    },
    "async": {
      "version": "0.9.2",
      "resolved": "https://registry.npm.taobao.org/async/download/async-0.9.2.tgz",
      "integrity": "sha1-rqdNXmHB+JlhO/ZL2mbUx48v0X0="
    },
    "babel-runtime": {
      "version": "6.26.0",
      "resolved": "https://registry.npm.taobao.org/babel-runtime/download/babel-runtime-6.26.0.tgz",
      "integrity": "sha1-llxwWGaOgrVde/4E/yM3vItWR/4=",
      "requires": {
        "core-js": "^2.4.0",
        "regenerator-runtime": "^0.11.0"
      },
      "dependencies": {
        "regenerator-runtime": {
          "version": "0.11.1",
          "resolved": "https://registry.npm.taobao.org/regenerator-runtime/download/regenerator-runtime-0.11.1.tgz",
          "integrity": "sha1-vgWtf5v30i4Fb5cmzuUBf78Z4uk="
        }
      }
    },
    "balanced-match": {
      "version": "1.0.0",
      "resolved": "https://registry.npm.taobao.org/balanced-match/download/balanced-match-1.0.0.tgz",
      "integrity": "sha1-ibTRmasr7kneFk6gK4nORi1xt2c="
    },
    "basic-auth": {
      "version": "2.0.1",
      "resolved": "https://registry.npm.taobao.org/basic-auth/download/basic-auth-2.0.1.tgz",
      "integrity": "sha1-uZgnm/R844NEtPPPkW1Gebv1Hjo=",
      "requires": {
        "safe-buffer": "5.1.2"
      }
    },
    "bignumber.js": {
      "version": "9.0.0",
      "resolved": "https://registry.npm.taobao.org/bignumber.js/download/bignumber.js-9.0.0.tgz",
      "integrity": "sha1-gFiA+Eoym16sbny2+CdLbYK98HU="
    },
    "body-parser": {
      "version": "1.19.0",
      "resolved": "https://registry.npm.taobao.org/body-parser/download/body-parser-1.19.0.tgz?cache=0&sync_timestamp=1600349154763&other_urls=https%3A%2F%2Fregistry.npm.taobao.org%2Fbody-parser%2Fdownload%2Fbody-parser-1.19.0.tgz",
      "integrity": "sha1-lrJwnlfJxOCab9Zqj9l5hE9p8Io=",
      "requires": {
        "bytes": "3.1.0",
        "content-type": "~1.0.4",
        "debug": "2.6.9",
        "depd": "~1.1.2",
        "http-errors": "1.7.2",
        "iconv-lite": "0.4.24",
        "on-finished": "~2.3.0",
        "qs": "6.7.0",
        "raw-body": "2.4.0",
        "type-is": "~1.6.17"
      }
    },
    "brace-expansion": {
      "version": "1.1.11",
      "resolved": "https://registry.npm.taobao.org/brace-expansion/download/brace-expansion-1.1.11.tgz?cache=0&sync_timestamp=1601898189928&other_urls=https%3A%2F%2Fregistry.npm.taobao.org%2Fbrace-expansion%2Fdownload%2Fbrace-expansion-1.1.11.tgz",
      "integrity": "sha1-PH/L9SnYcibz0vUrlm/1Jx60Qd0=",
      "requires": {
        "balanced-match": "^1.0.0",
        "concat-map": "0.0.1"
      }
    },
    "buffer-equal-constant-time": {
      "version": "1.0.1",
      "resolved": "https://registry.npm.taobao.org/buffer-equal-constant-time/download/buffer-equal-constant-time-1.0.1.tgz",
      "integrity": "sha1-+OcRMvf/5uAaXJaXpMbz5I1cyBk="
    },
    "bytes": {
      "version": "3.1.0",
      "resolved": "https://registry.npm.taobao.org/bytes/download/bytes-3.1.0.tgz",
      "integrity": "sha1-9s95M6Ng4FiPqf3oVlHNx/gF0fY="
    },
    "chalk": {
      "version": "2.4.2",
      "resolved": "https://registry.npm.taobao.org/chalk/download/chalk-2.4.2.tgz",
      "integrity": "sha1-zUJUFnelQzPPVBpJEIwUMrRMlCQ=",
      "requires": {
        "ansi-styles": "^3.2.1",
        "escape-string-regexp": "^1.0.5",
        "supports-color": "^5.3.0"
      }
    },
    "color-convert": {
      "version": "1.9.3",
      "resolved": "https://registry.npm.taobao.org/color-convert/download/color-convert-1.9.3.tgz",
      "integrity": "sha1-u3GFBpDh8TZWfeYp0tVHHe2kweg=",
      "requires": {
        "color-name": "1.1.3"
      }
    },
    "color-name": {
      "version": "1.1.3",
      "resolved": "https://registry.npm.taobao.org/color-name/download/color-name-1.1.3.tgz",
      "integrity": "sha1-p9BVi9icQveV3UIyj3QIMcpTvCU="
    },
    "concat-map": {
      "version": "0.0.1",
      "resolved": "https://registry.npm.taobao.org/concat-map/download/concat-map-0.0.1.tgz",
      "integrity": "sha1-2Klr13/Wjfd5OnMDajug1UBdR3s="
    },
    "connect-multiparty": {
      "version": "2.2.0",
      "resolved": "https://registry.npm.taobao.org/connect-multiparty/download/connect-multiparty-2.2.0.tgz",
      "integrity": "sha1-tJMkgtuimPgrilS3D7YOxdcjk8M=",
      "requires": {
        "http-errors": "~1.7.0",
        "multiparty": "~4.2.1",
        "on-finished": "~2.3.0",
        "qs": "~6.5.2",
        "type-is": "~1.6.16"
      },
      "dependencies": {
        "qs": {
          "version": "6.5.2",
          "resolved": "https://registry.npm.taobao.org/qs/download/qs-6.5.2.tgz",
          "integrity": "sha1-yzroBuh0BERYTvFUzo7pjUA/PjY="
        }
      }
    },
    "content-disposition": {
      "version": "0.5.3",
      "resolved": "https://registry.npm.taobao.org/content-disposition/download/content-disposition-0.5.3.tgz",
      "integrity": "sha1-4TDK9+cnkIfFYWwgB9BIVpiYT70=",
      "requires": {
        "safe-buffer": "5.1.2"
      }
    },
    "content-type": {
      "version": "1.0.4",
      "resolved": "https://registry.npm.taobao.org/content-type/download/content-type-1.0.4.tgz",
      "integrity": "sha1-4TjMdeBAxyexlm/l5fjJruJW/js="
    },
    "cookie": {
      "version": "0.4.0",
      "resolved": "https://registry.npm.taobao.org/cookie/download/cookie-0.4.0.tgz",
      "integrity": "sha1-vrQ35wIrO21JAZ0IhmUwPr6cFLo="
    },
    "cookie-parser": {
      "version": "1.4.5",
      "resolved": "https://registry.npm.taobao.org/cookie-parser/download/cookie-parser-1.4.5.tgz",
      "integrity": "sha1-PlctS3wMgPnGHa9gTkM2gxtdHUk=",
      "requires": {
        "cookie": "0.4.0",
        "cookie-signature": "1.0.6"
      }
    },
    "cookie-signature": {
      "version": "1.0.6",
      "resolved": "https://registry.npm.taobao.org/cookie-signature/download/cookie-signature-1.0.6.tgz",
      "integrity": "sha1-4wOogrNCzD7oylE6eZmXNNqzriw="
    },
    "core-js": {
      "version": "2.6.12",
      "resolved": "https://registry.npm.taobao.org/core-js/download/core-js-2.6.12.tgz?cache=0&sync_timestamp=1609682065690&other_urls=https%3A%2F%2Fregistry.npm.taobao.org%2Fcore-js%2Fdownload%2Fcore-js-2.6.12.tgz",
      "integrity": "sha1-2TM9+nsGXjR8xWgiGdb2kIWcwuw="
    },
    "core-js-pure": {
      "version": "3.8.1",
      "resolved": "https://registry.npm.taobao.org/core-js-pure/download/core-js-pure-3.8.1.tgz?cache=0&sync_timestamp=1607216144126&other_urls=https%3A%2F%2Fregistry.npm.taobao.org%2Fcore-js-pure%2Fdownload%2Fcore-js-pure-3.8.1.tgz",
      "integrity": "sha1-I/hASPNm/fz1LT/Rxo/sNJF30Rk="
    },
    "core-util-is": {
      "version": "1.0.2",
      "resolved": "https://registry.npm.taobao.org/core-util-is/download/core-util-is-1.0.2.tgz",
      "integrity": "sha1-tf1UIgqivFq1eqtxQMlAdUUDwac="
    },
    "debug": {
      "version": "2.6.9",
      "resolved": "https://registry.npm.taobao.org/debug/download/debug-2.6.9.tgz?cache=0&sync_timestamp=1607566548985&other_urls=https%3A%2F%2Fregistry.npm.taobao.org%2Fdebug%2Fdownload%2Fdebug-2.6.9.tgz",
      "integrity": "sha1-XRKFFd8TT/Mn6QpMk/Tgd6U2NB8=",
      "requires": {
        "ms": "2.0.0"
      }
    },
    "depd": {
      "version": "1.1.2",
      "resolved": "https://registry.npm.taobao.org/depd/download/depd-1.1.2.tgz",
      "integrity": "sha1-m81S4UwJd2PnSbJ0xDRu0uVgtak="
    },
    "destroy": {
      "version": "1.0.4",
      "resolved": "https://registry.npm.taobao.org/destroy/download/destroy-1.0.4.tgz",
      "integrity": "sha1-l4hXRCxEdJ5CBmE+N5RiBYJqvYA="
    },
    "ecdsa-sig-formatter": {
      "version": "1.0.11",
      "resolved": "https://registry.npm.taobao.org/ecdsa-sig-formatter/download/ecdsa-sig-formatter-1.0.11.tgz",
      "integrity": "sha1-rg8PothQRe8UqBfao86azQSJ5b8=",
      "requires": {
        "safe-buffer": "^5.0.1"
      }
    },
    "echarts": {
      "version": "5.0.0",
      "resolved": "https://registry.npm.taobao.org/echarts/download/echarts-5.0.0.tgz?cache=0&sync_timestamp=1606890707379&other_urls=https%3A%2F%2Fregistry.npm.taobao.org%2Fecharts%2Fdownload%2Fecharts-5.0.0.tgz",
      "integrity": "sha1-ZuwOpH48k7Kq37stcZhpkyrRPOA=",
      "requires": {
        "tslib": "1.10.0",
        "zrender": "5.0.1"
      }
    },
    "ee-first": {
      "version": "1.1.1",
      "resolved": "https://registry.npm.taobao.org/ee-first/download/ee-first-1.1.1.tgz",
      "integrity": "sha1-WQxhFWsK4vTwJVcyoViyZrxWsh0="
    },
    "ejs": {
      "version": "3.1.5",
      "resolved": "https://registry.npm.taobao.org/ejs/download/ejs-3.1.5.tgz?cache=0&sync_timestamp=1597678506855&other_urls=https%3A%2F%2Fregistry.npm.taobao.org%2Fejs%2Fdownload%2Fejs-3.1.5.tgz",
      "integrity": "sha1-rtcjhE3CCstLFwzZqxAX5Hag2Ts=",
      "requires": {
        "jake": "^10.6.1"
      }
    },
    "encodeurl": {
      "version": "1.0.2",
      "resolved": "https://registry.npm.taobao.org/encodeurl/download/encodeurl-1.0.2.tgz",
      "integrity": "sha1-rT/0yG7C0CkyL1oCw6mmBslbP1k="
    },
    "escape-html": {
      "version": "1.0.3",
      "resolved": "https://registry.npm.taobao.org/escape-html/download/escape-html-1.0.3.tgz",
      "integrity": "sha1-Aljq5NPQwJdN4cFpGI7wBR0dGYg="
    },
    "escape-string-regexp": {
      "version": "1.0.5",
      "resolved": "https://registry.npm.taobao.org/escape-string-regexp/download/escape-string-regexp-1.0.5.tgz",
      "integrity": "sha1-G2HAViGQqN/2rjuyzwIAyhMLhtQ="
    },
    "etag": {
      "version": "1.8.1",
      "resolved": "https://registry.npm.taobao.org/etag/download/etag-1.8.1.tgz",
      "integrity": "sha1-Qa4u62XvpiJorr/qg6x9eSmbCIc="
    },
    "express": {
      "version": "4.17.1",
      "resolved": "https://registry.npm.taobao.org/express/download/express-4.17.1.tgz",
      "integrity": "sha1-RJH8OGBc9R+GKdOcK10Cb5ikwTQ=",
      "requires": {
        "accepts": "~1.3.7",
        "array-flatten": "1.1.1",
        "body-parser": "1.19.0",
        "content-disposition": "0.5.3",
        "content-type": "~1.0.4",
        "cookie": "0.4.0",
        "cookie-signature": "1.0.6",
        "debug": "2.6.9",
        "depd": "~1.1.2",
        "encodeurl": "~1.0.2",
        "escape-html": "~1.0.3",
        "etag": "~1.8.1",
        "finalhandler": "~1.1.2",
        "fresh": "0.5.2",
        "merge-descriptors": "1.0.1",
        "methods": "~1.1.2",
        "on-finished": "~2.3.0",
        "parseurl": "~1.3.3",
        "path-to-regexp": "0.1.7",
        "proxy-addr": "~2.0.5",
        "qs": "6.7.0",
        "range-parser": "~1.2.1",
        "safe-buffer": "5.1.2",
        "send": "0.17.1",
        "serve-static": "1.14.1",
        "setprototypeof": "1.1.1",
        "statuses": "~1.5.0",
        "type-is": "~1.6.18",
        "utils-merge": "1.0.1",
        "vary": "~1.1.2"
      }
    },
    "express-jwt": {
      "version": "6.0.0",
      "resolved": "https://registry.npm.taobao.org/express-jwt/download/express-jwt-6.0.0.tgz",
      "integrity": "sha1-IIhscwmD/7HHBqQ4MjXfhu/zSbg=",
      "requires": {
        "async": "^1.5.0",
        "express-unless": "^0.3.0",
        "jsonwebtoken": "^8.1.0",
        "lodash.set": "^4.0.0"
      },
      "dependencies": {
        "async": {
          "version": "1.5.2",
          "resolved": "https://registry.npm.taobao.org/async/download/async-1.5.2.tgz",
          "integrity": "sha1-7GphrlZIDAw8skHJVhjiCJL5Zyo="
        }
      }
    },
    "express-mysql-session": {
      "version": "2.1.4",
      "resolved": "https://registry.npm.taobao.org/express-mysql-session/download/express-mysql-session-2.1.4.tgz",
      "integrity": "sha1-+jLLkDXb+/9X2qpr0xD1g4GeH3s=",
      "requires": {
        "debug": "4.1.1",
        "express-session": "1.17.0",
        "mysql": "2.18.1",
        "underscore": "1.9.2"
      },
      "dependencies": {
        "debug": {
          "version": "4.1.1",
          "resolved": "https://registry.npm.taobao.org/debug/download/debug-4.1.1.tgz?cache=0&sync_timestamp=1607566548985&other_urls=https%3A%2F%2Fregistry.npm.taobao.org%2Fdebug%2Fdownload%2Fdebug-4.1.1.tgz",
          "integrity": "sha1-O3ImAlUQnGtYnO4FDx1RYTlmR5E=",
          "requires": {
            "ms": "^2.1.1"
          }
        },
        "depd": {
          "version": "2.0.0",
          "resolved": "https://registry.npm.taobao.org/depd/download/depd-2.0.0.tgz",
          "integrity": "sha1-tpYWPMdXVg0JzyLMj60Vcbeedt8="
        },
        "express-session": {
          "version": "1.17.0",
          "resolved": "https://registry.npm.taobao.org/express-session/download/express-session-1.17.0.tgz",
          "integrity": "sha1-m1DbteigPDU3NoE48HJzYVC3+bM=",
          "requires": {
            "cookie": "0.4.0",
            "cookie-signature": "1.0.6",
            "debug": "2.6.9",
            "depd": "~2.0.0",
            "on-headers": "~1.0.2",
            "parseurl": "~1.3.3",
            "safe-buffer": "5.2.0",
            "uid-safe": "~2.1.5"
          },
          "dependencies": {
            "debug": {
              "version": "2.6.9",
              "resolved": "https://registry.npm.taobao.org/debug/download/debug-2.6.9.tgz?cache=0&sync_timestamp=1607566548985&other_urls=https%3A%2F%2Fregistry.npm.taobao.org%2Fdebug%2Fdownload%2Fdebug-2.6.9.tgz",
              "integrity": "sha1-XRKFFd8TT/Mn6QpMk/Tgd6U2NB8=",
              "requires": {
                "ms": "2.0.0"
              }
            },
            "ms": {
              "version": "2.0.0",
              "resolved": "https://registry.npm.taobao.org/ms/download/ms-2.0.0.tgz?cache=0&sync_timestamp=1607433912031&other_urls=https%3A%2F%2Fregistry.npm.taobao.org%2Fms%2Fdownload%2Fms-2.0.0.tgz",
              "integrity": "sha1-VgiurfwAvmwpAd9fmGF4jeDVl8g="
            }
          }
        },
        "ms": {
          "version": "2.1.3",
          "resolved": "https://registry.npm.taobao.org/ms/download/ms-2.1.3.tgz?cache=0&sync_timestamp=1607433912031&other_urls=https%3A%2F%2Fregistry.npm.taobao.org%2Fms%2Fdownload%2Fms-2.1.3.tgz",
          "integrity": "sha1-V0yBOM4dK1hh8LRFedut1gxmFbI="
        },
        "safe-buffer": {
          "version": "5.2.0",
          "resolved": "https://registry.npm.taobao.org/safe-buffer/download/safe-buffer-5.2.0.tgz?cache=0&sync_timestamp=1589682795646&other_urls=https%3A%2F%2Fregistry.npm.taobao.org%2Fsafe-buffer%2Fdownload%2Fsafe-buffer-5.2.0.tgz",
          "integrity": "sha1-t02uxJsRSPiMZLaNSbHoFcHy9Rk="
        }
      }
    },
    "express-session": {
      "version": "1.17.1",
      "resolved": "https://registry.npm.taobao.org/express-session/download/express-session-1.17.1.tgz",
      "integrity": "sha1-Nuy8cDRWbTjIUJiFwETUYcEb81c=",
      "requires": {
        "cookie": "0.4.0",
        "cookie-signature": "1.0.6",
        "debug": "2.6.9",
        "depd": "~2.0.0",
        "on-headers": "~1.0.2",
        "parseurl": "~1.3.3",
        "safe-buffer": "5.2.0",
        "uid-safe": "~2.1.5"
      },
      "dependencies": {
        "depd": {
          "version": "2.0.0",
          "resolved": "https://registry.npm.taobao.org/depd/download/depd-2.0.0.tgz",
          "integrity": "sha1-tpYWPMdXVg0JzyLMj60Vcbeedt8="
        },
        "safe-buffer": {
          "version": "5.2.0",
          "resolved": "https://registry.npm.taobao.org/safe-buffer/download/safe-buffer-5.2.0.tgz?cache=0&sync_timestamp=1589682795646&other_urls=https%3A%2F%2Fregistry.npm.taobao.org%2Fsafe-buffer%2Fdownload%2Fsafe-buffer-5.2.0.tgz",
          "integrity": "sha1-t02uxJsRSPiMZLaNSbHoFcHy9Rk="
        }
      }
    },
    "express-unless": {
      "version": "0.3.1",
      "resolved": "https://registry.npm.taobao.org/express-unless/download/express-unless-0.3.1.tgz",
      "integrity": "sha1-JVfBRudb65A+LSR/m1ugFFJpbiA="
    },
    "filelist": {
      "version": "1.0.1",
      "resolved": "https://registry.npm.taobao.org/filelist/download/filelist-1.0.1.tgz",
      "integrity": "sha1-8Q0aOuhsFpSAjo8gkG9D1MkTLbs=",
      "requires": {
        "minimatch": "^3.0.4"
      }
    },
    "finalhandler": {
      "version": "1.1.2",
      "resolved": "https://registry.npm.taobao.org/finalhandler/download/finalhandler-1.1.2.tgz",
      "integrity": "sha1-t+fQAP/RGTjQ/bBTUG9uur6fWH0=",
      "requires": {
        "debug": "2.6.9",
        "encodeurl": "~1.0.2",
        "escape-html": "~1.0.3",
        "on-finished": "~2.3.0",
        "parseurl": "~1.3.3",
        "statuses": "~1.5.0",
        "unpipe": "~1.0.0"
      }
    },
    "forwarded": {
      "version": "0.1.2",
      "resolved": "https://registry.npm.taobao.org/forwarded/download/forwarded-0.1.2.tgz",
      "integrity": "sha1-mMI9qxF1ZXuMBXPozszZGw/xjIQ="
    },
    "fresh": {
      "version": "0.5.2",
      "resolved": "https://registry.npm.taobao.org/fresh/download/fresh-0.5.2.tgz",
      "integrity": "sha1-PYyt2Q2XZWn6g1qx+OSyOhBWBac="
    },
    "has-flag": {
      "version": "3.0.0",
      "resolved": "https://registry.npm.taobao.org/has-flag/download/has-flag-3.0.0.tgz",
      "integrity": "sha1-tdRU3CGZriJWmfNGfloH87lVuv0="
    },
    "http-errors": {
      "version": "1.7.2",
      "resolved": "https://registry.npm.taobao.org/http-errors/download/http-errors-1.7.2.tgz?cache=0&sync_timestamp=1593407710477&other_urls=https%3A%2F%2Fregistry.npm.taobao.org%2Fhttp-errors%2Fdownload%2Fhttp-errors-1.7.2.tgz",
      "integrity": "sha1-T1ApzxMjnzEDblsuVSkrz7zIXI8=",
      "requires": {
        "depd": "~1.1.2",
        "inherits": "2.0.3",
        "setprototypeof": "1.1.1",
        "statuses": ">= 1.5.0 < 2",
        "toidentifier": "1.0.0"
      }
    },
    "httpx": {
      "version": "2.2.7",
      "resolved": "https://registry.npm.taobao.org/httpx/download/httpx-2.2.7.tgz?cache=0&sync_timestamp=1604908782014&other_urls=https%3A%2F%2Fregistry.npm.taobao.org%2Fhttpx%2Fdownload%2Fhttpx-2.2.7.tgz",
      "integrity": "sha1-HjQZgUbjLKMwWmbBEglVnhy+ugk=",
      "requires": {
        "@types/node": "^14",
        "debug": "^4.1.1"
      },
      "dependencies": {
        "debug": {
          "version": "4.3.1",
          "resolved": "https://registry.npm.taobao.org/debug/download/debug-4.3.1.tgz?cache=0&sync_timestamp=1607566580543&other_urls=https%3A%2F%2Fregistry.npm.taobao.org%2Fdebug%2Fdownload%2Fdebug-4.3.1.tgz",
          "integrity": "sha1-8NIpxQXgxtjEmsVT0bE9wYP2su4=",
          "requires": {
            "ms": "2.1.2"
          }
        },
        "ms": {
          "version": "2.1.2",
          "resolved": "https://registry.npm.taobao.org/ms/download/ms-2.1.2.tgz?cache=0&sync_timestamp=1607433888963&other_urls=https%3A%2F%2Fregistry.npm.taobao.org%2Fms%2Fdownload%2Fms-2.1.2.tgz",
          "integrity": "sha1-0J0fNXtEP0kzgqjrPM0YOHKuYAk="
        }
      }
    },
    "iconv-lite": {
      "version": "0.4.24",
      "resolved": "https://registry.npm.taobao.org/iconv-lite/download/iconv-lite-0.4.24.tgz",
      "integrity": "sha1-ICK0sl+93CHS9SSXSkdKr+czkIs=",
      "requires": {
        "safer-buffer": ">= 2.1.2 < 3"
      }
    },
    "inherits": {
      "version": "2.0.3",
      "resolved": "https://registry.npm.taobao.org/inherits/download/inherits-2.0.3.tgz",
      "integrity": "sha1-Yzwsg+PaQqUC9SRmAiSA9CCCYd4="
    },
    "ipaddr.js": {
      "version": "1.9.1",
      "resolved": "https://registry.npm.taobao.org/ipaddr.js/download/ipaddr.js-1.9.1.tgz",
      "integrity": "sha1-v/OFQ+64mEglB5/zoqjmy9RngbM="
    },
    "isarray": {
      "version": "1.0.0",
      "resolved": "https://registry.npm.taobao.org/isarray/download/isarray-1.0.0.tgz",
      "integrity": "sha1-u5NdSFgsuhaMBoNJV6VKPgcSTxE="
    },
    "jake": {
      "version": "10.8.2",
      "resolved": "https://registry.npm.taobao.org/jake/download/jake-10.8.2.tgz?cache=0&sync_timestamp=1591681893196&other_urls=https%3A%2F%2Fregistry.npm.taobao.org%2Fjake%2Fdownload%2Fjake-10.8.2.tgz",
      "integrity": "sha1-68nehVgWCmbYLQ6txqLlj7xQCns=",
      "requires": {
        "async": "0.9.x",
        "chalk": "^2.4.2",
        "filelist": "^1.0.1",
        "minimatch": "^3.0.4"
      }
    },
    "jquery": {
      "version": "3.5.1",
      "resolved": "https://registry.npm.taobao.org/jquery/download/jquery-3.5.1.tgz",
      "integrity": "sha1-17TQjhv9uGrS8aPQOeoXMEcXq7U="
    },
    "json-bigint": {
      "version": "1.0.0",
      "resolved": "https://registry.npm.taobao.org/json-bigint/download/json-bigint-1.0.0.tgz",
      "integrity": "sha1-rlR4I6wMrYOYZn+M2e9HMPWwH/E=",
      "requires": {
        "bignumber.js": "^9.0.0"
      }
    },
    "jsonwebtoken": {
      "version": "8.5.1",
      "resolved": "https://registry.npm.taobao.org/jsonwebtoken/download/jsonwebtoken-8.5.1.tgz",
      "integrity": "sha1-AOceC431TCEhofJhN98igGc7zA0=",
      "requires": {
        "jws": "^3.2.2",
        "lodash.includes": "^4.3.0",
        "lodash.isboolean": "^3.0.3",
        "lodash.isinteger": "^4.0.4",
        "lodash.isnumber": "^3.0.3",
        "lodash.isplainobject": "^4.0.6",
        "lodash.isstring": "^4.0.1",
        "lodash.once": "^4.0.0",
        "ms": "^2.1.1",
        "semver": "^5.6.0"
      },
      "dependencies": {
        "ms": {
          "version": "2.1.3",
          "resolved": "https://registry.npm.taobao.org/ms/download/ms-2.1.3.tgz?cache=0&sync_timestamp=1607433888963&other_urls=https%3A%2F%2Fregistry.npm.taobao.org%2Fms%2Fdownload%2Fms-2.1.3.tgz",
          "integrity": "sha1-V0yBOM4dK1hh8LRFedut1gxmFbI="
        }
      }
    },
    "jwa": {
      "version": "1.4.1",
      "resolved": "https://registry.npm.taobao.org/jwa/download/jwa-1.4.1.tgz",
      "integrity": "sha1-dDwymFy56YZVUw1TZBtmyGRbA5o=",
      "requires": {
        "buffer-equal-constant-time": "1.0.1",
        "ecdsa-sig-formatter": "1.0.11",
        "safe-buffer": "^5.0.1"
      }
    },
    "jws": {
      "version": "3.2.2",
      "resolved": "https://registry.npm.taobao.org/jws/download/jws-3.2.2.tgz",
      "integrity": "sha1-ABCZ82OUaMlBQADpmZX6UvtHgwQ=",
      "requires": {
        "jwa": "^1.4.1",
        "safe-buffer": "^5.0.1"
      }
    },
    "kitx": {
      "version": "1.3.0",
      "resolved": "https://registry.npm.taobao.org/kitx/download/kitx-1.3.0.tgz",
      "integrity": "sha1-qz7nxZjSsdYp/VVWj4aMREDCAOo="
    },
    "lodash.includes": {
      "version": "4.3.0",
      "resolved": "https://registry.npm.taobao.org/lodash.includes/download/lodash.includes-4.3.0.tgz",
      "integrity": "sha1-YLuYqHy5I8aMoeUTJUgzFISfVT8="
    },
    "lodash.isboolean": {
      "version": "3.0.3",
      "resolved": "https://registry.npm.taobao.org/lodash.isboolean/download/lodash.isboolean-3.0.3.tgz",
      "integrity": "sha1-bC4XHbKiV82WgC/UOwGyDV9YcPY="
    },
    "lodash.isinteger": {
      "version": "4.0.4",
      "resolved": "https://registry.npm.taobao.org/lodash.isinteger/download/lodash.isinteger-4.0.4.tgz",
      "integrity": "sha1-YZwK89A/iwTDH1iChAt3sRzWg0M="
    },
    "lodash.isnumber": {
      "version": "3.0.3",
      "resolved": "https://registry.npm.taobao.org/lodash.isnumber/download/lodash.isnumber-3.0.3.tgz",
      "integrity": "sha1-POdoEMWSjQM1IwGsKHMX8RwLH/w="
    },
    "lodash.isplainobject": {
      "version": "4.0.6",
      "resolved": "https://registry.npm.taobao.org/lodash.isplainobject/download/lodash.isplainobject-4.0.6.tgz",
      "integrity": "sha1-fFJqUtibRcRcxpC4gWO+BJf1UMs="
    },
    "lodash.isstring": {
      "version": "4.0.1",
      "resolved": "https://registry.npm.taobao.org/lodash.isstring/download/lodash.isstring-4.0.1.tgz",
      "integrity": "sha1-1SfftUVuynzJu5XV2ur4i6VKVFE="
    },
    "lodash.once": {
      "version": "4.1.1",
      "resolved": "https://registry.npm.taobao.org/lodash.once/download/lodash.once-4.1.1.tgz",
      "integrity": "sha1-DdOXEhPHxW34gJd9UEyI+0cal6w="
    },
    "lodash.set": {
      "version": "4.3.2",
      "resolved": "https://registry.npm.taobao.org/lodash.set/download/lodash.set-4.3.2.tgz",
      "integrity": "sha1-2HV7HagH3eJIFrDWqEvqGnYjCyM="
    },
    "media-typer": {
      "version": "0.3.0",
      "resolved": "https://registry.npm.taobao.org/media-typer/download/media-typer-0.3.0.tgz",
      "integrity": "sha1-hxDXrwqmJvj/+hzgAWhUUmMlV0g="
    },
    "merge-descriptors": {
      "version": "1.0.1",
      "resolved": "https://registry.npm.taobao.org/merge-descriptors/download/merge-descriptors-1.0.1.tgz",
      "integrity": "sha1-sAqqVW3YtEVoFQ7J0blT8/kMu2E="
    },
    "methods": {
      "version": "1.1.2",
      "resolved": "https://registry.npm.taobao.org/methods/download/methods-1.1.2.tgz",
      "integrity": "sha1-VSmk1nZUE07cxSZmVoNbD4Ua/O4="
    },
    "mime": {
      "version": "1.6.0",
      "resolved": "https://registry.npm.taobao.org/mime/download/mime-1.6.0.tgz?cache=0&sync_timestamp=1590635592890&other_urls=https%3A%2F%2Fregistry.npm.taobao.org%2Fmime%2Fdownload%2Fmime-1.6.0.tgz",
      "integrity": "sha1-Ms2eXGRVO9WNGaVor0Uqz/BJgbE="
    },
    "mime-db": {
      "version": "1.44.0",
      "resolved": "https://registry.npm.taobao.org/mime-db/download/mime-db-1.44.0.tgz?cache=0&sync_timestamp=1600831159918&other_urls=https%3A%2F%2Fregistry.npm.taobao.org%2Fmime-db%2Fdownload%2Fmime-db-1.44.0.tgz",
      "integrity": "sha1-+hHF6wrKEzS0Izy01S8QxaYnL5I="
    },
    "mime-types": {
      "version": "2.1.27",
      "resolved": "https://registry.npm.taobao.org/mime-types/download/mime-types-2.1.27.tgz",
      "integrity": "sha1-R5SfmOJ56lMRn1ci4PNOUpvsAJ8=",
      "requires": {
        "mime-db": "1.44.0"
      }
    },
    "minimatch": {
      "version": "3.0.4",
      "resolved": "https://registry.npm.taobao.org/minimatch/download/minimatch-3.0.4.tgz",
      "integrity": "sha1-UWbihkV/AzBgZL5Ul+jbsMPTIIM=",
      "requires": {
        "brace-expansion": "^1.1.7"
      }
    },
    "morgan": {
      "version": "1.10.0",
      "resolved": "https://registry.npm.taobao.org/morgan/download/morgan-1.10.0.tgz",
      "integrity": "sha1-CRd4q8H8R801CYJGU9rh+qtrF9c=",
      "requires": {
        "basic-auth": "~2.0.1",
        "debug": "2.6.9",
        "depd": "~2.0.0",
        "on-finished": "~2.3.0",
        "on-headers": "~1.0.2"
      },
      "dependencies": {
        "depd": {
          "version": "2.0.0",
          "resolved": "https://registry.npm.taobao.org/depd/download/depd-2.0.0.tgz",
          "integrity": "sha1-tpYWPMdXVg0JzyLMj60Vcbeedt8="
        }
      }
    },
    "ms": {
      "version": "2.0.0",
      "resolved": "https://registry.npm.taobao.org/ms/download/ms-2.0.0.tgz?cache=0&sync_timestamp=1607433912031&other_urls=https%3A%2F%2Fregistry.npm.taobao.org%2Fms%2Fdownload%2Fms-2.0.0.tgz",
      "integrity": "sha1-VgiurfwAvmwpAd9fmGF4jeDVl8g="
    },
    "multiparty": {
      "version": "4.2.2",
      "resolved": "https://registry.npm.taobao.org/multiparty/download/multiparty-4.2.2.tgz",
      "integrity": "sha1-vuX7VzckdijTnatJef/W1Xv2DvY=",
      "requires": {
        "http-errors": "~1.8.0",
        "safe-buffer": "5.2.1",
        "uid-safe": "2.1.5"
      },
      "dependencies": {
        "http-errors": {
          "version": "1.8.0",
          "resolved": "https://registry.npm.taobao.org/http-errors/download/http-errors-1.8.0.tgz?cache=0&sync_timestamp=1593407710477&other_urls=https%3A%2F%2Fregistry.npm.taobao.org%2Fhttp-errors%2Fdownload%2Fhttp-errors-1.8.0.tgz",
          "integrity": "sha1-ddG75JfhBE9R5O6ecEpi8o0zZQc=",
          "requires": {
            "depd": "~1.1.2",
            "inherits": "2.0.4",
            "setprototypeof": "1.2.0",
            "statuses": ">= 1.5.0 < 2",
            "toidentifier": "1.0.0"
          }
        },
        "inherits": {
          "version": "2.0.4",
          "resolved": "https://registry.npm.taobao.org/inherits/download/inherits-2.0.4.tgz",
          "integrity": "sha1-D6LGT5MpF8NDOg3tVTY6rjdBa3w="
        },
        "safe-buffer": {
          "version": "5.2.1",
          "resolved": "https://registry.npm.taobao.org/safe-buffer/download/safe-buffer-5.2.1.tgz?cache=0&sync_timestamp=1589682795646&other_urls=https%3A%2F%2Fregistry.npm.taobao.org%2Fsafe-buffer%2Fdownload%2Fsafe-buffer-5.2.1.tgz",
          "integrity": "sha1-Hq+fqb2x/dTsdfWPnNtOa3gn7sY="
        },
        "setprototypeof": {
          "version": "1.2.0",
          "resolved": "https://registry.npm.taobao.org/setprototypeof/download/setprototypeof-1.2.0.tgz",
          "integrity": "sha1-ZsmiSnP5/CjL5msJ/tPTPcrxtCQ="
        }
      }
    },
    "mysql": {
      "version": "2.18.1",
      "resolved": "https://registry.npm.taobao.org/mysql/download/mysql-2.18.1.tgz",
      "integrity": "sha1-IlQUOFXFqMc4JeRSK68uoCF2Zxc=",
      "requires": {
        "bignumber.js": "9.0.0",
        "readable-stream": "2.3.7",
        "safe-buffer": "5.1.2",
        "sqlstring": "2.3.1"
      }
    },
    "negotiator": {
      "version": "0.6.2",
      "resolved": "https://registry.npm.taobao.org/negotiator/download/negotiator-0.6.2.tgz",
      "integrity": "sha1-/qz3zPUlp3rpY0Q2pkiD/+yjRvs="
    },
    "on-finished": {
      "version": "2.3.0",
      "resolved": "https://registry.npm.taobao.org/on-finished/download/on-finished-2.3.0.tgz",
      "integrity": "sha1-IPEzZIGwg811M3mSoWlxqi2QaUc=",
      "requires": {
        "ee-first": "1.1.1"
      }
    },
    "on-headers": {
      "version": "1.0.2",
      "resolved": "https://registry.npm.taobao.org/on-headers/download/on-headers-1.0.2.tgz",
      "integrity": "sha1-dysK5qqlJcOZ5Imt+tkMQD6zwo8="
    },
    "opentype.js": {
      "version": "0.7.3",
      "resolved": "https://registry.npm.taobao.org/opentype.js/download/opentype.js-0.7.3.tgz",
      "integrity": "sha1-QPuM4Yv9YOdESO/f5EKDQJg5eqs=",
      "requires": {
        "tiny-inflate": "^1.0.2"
      }
    },
    "parseurl": {
      "version": "1.3.3",
      "resolved": "https://registry.npm.taobao.org/parseurl/download/parseurl-1.3.3.tgz?cache=0&sync_timestamp=1593529696791&other_urls=https%3A%2F%2Fregistry.npm.taobao.org%2Fparseurl%2Fdownload%2Fparseurl-1.3.3.tgz",
      "integrity": "sha1-naGee+6NEt/wUT7Vt2lXeTvC6NQ="
    },
    "path-to-regexp": {
      "version": "0.1.7",
      "resolved": "https://registry.npm.taobao.org/path-to-regexp/download/path-to-regexp-0.1.7.tgz?cache=0&sync_timestamp=1601400433519&other_urls=https%3A%2F%2Fregistry.npm.taobao.org%2Fpath-to-regexp%2Fdownload%2Fpath-to-regexp-0.1.7.tgz",
      "integrity": "sha1-32BBeABfUi8V60SQ5yR6G/qmf4w="
    },
    "process-nextick-args": {
      "version": "2.0.1",
      "resolved": "https://registry.npm.taobao.org/process-nextick-args/download/process-nextick-args-2.0.1.tgz",
      "integrity": "sha1-eCDZsWEgzFXKmud5JoCufbptf+I="
    },
    "proxy-addr": {
      "version": "2.0.6",
      "resolved": "https://registry.npm.taobao.org/proxy-addr/download/proxy-addr-2.0.6.tgz",
      "integrity": "sha1-/cIzZQVEfT8vLGOO0nLK9hS7sr8=",
      "requires": {
        "forwarded": "~0.1.2",
        "ipaddr.js": "1.9.1"
      }
    },
    "qs": {
      "version": "6.7.0",
      "resolved": "https://registry.npm.taobao.org/qs/download/qs-6.7.0.tgz",
      "integrity": "sha1-QdwaAV49WB8WIXdr4xr7KHapsbw="
    },
    "random-bytes": {
      "version": "1.0.0",
      "resolved": "https://registry.npm.taobao.org/random-bytes/download/random-bytes-1.0.0.tgz",
      "integrity": "sha1-T2ih3Arli9P7lYSMMDJNt11kNgs="
    },
    "range-parser": {
      "version": "1.2.1",
      "resolved": "https://registry.npm.taobao.org/range-parser/download/range-parser-1.2.1.tgz",
      "integrity": "sha1-PPNwI9GZ4cJNGlW4SADC8+ZGgDE="
    },
    "raw-body": {
      "version": "2.4.0",
      "resolved": "https://registry.npm.taobao.org/raw-body/download/raw-body-2.4.0.tgz",
      "integrity": "sha1-oc5vucm8NWylLoklarWQWeE9AzI=",
      "requires": {
        "bytes": "3.1.0",
        "http-errors": "1.7.2",
        "iconv-lite": "0.4.24",
        "unpipe": "1.0.0"
      }
    },
    "readable-stream": {
      "version": "2.3.7",
      "resolved": "https://registry.npm.taobao.org/readable-stream/download/readable-stream-2.3.7.tgz?cache=0&sync_timestamp=1589682741447&other_urls=https%3A%2F%2Fregistry.npm.taobao.org%2Freadable-stream%2Fdownload%2Freadable-stream-2.3.7.tgz",
      "integrity": "sha1-Hsoc9xGu+BTAT2IlKjamL2yyO1c=",
      "requires": {
        "core-util-is": "~1.0.0",
        "inherits": "~2.0.3",
        "isarray": "~1.0.0",
        "process-nextick-args": "~2.0.0",
        "safe-buffer": "~5.1.1",
        "string_decoder": "~1.1.1",
        "util-deprecate": "~1.0.1"
      }
    },
    "regenerator-runtime": {
      "version": "0.13.7",
      "resolved": "https://registry.npm.taobao.org/regenerator-runtime/download/regenerator-runtime-0.13.7.tgz?cache=0&sync_timestamp=1595456117883&other_urls=https%3A%2F%2Fregistry.npm.taobao.org%2Fregenerator-runtime%2Fdownload%2Fregenerator-runtime-0.13.7.tgz",
      "integrity": "sha1-ysLazIoepnX+qrrriugziYrkb1U="
    },
    "safe-buffer": {
      "version": "5.1.2",
      "resolved": "https://registry.npm.taobao.org/safe-buffer/download/safe-buffer-5.1.2.tgz?cache=0&sync_timestamp=1589682795646&other_urls=https%3A%2F%2Fregistry.npm.taobao.org%2Fsafe-buffer%2Fdownload%2Fsafe-buffer-5.1.2.tgz",
      "integrity": "sha1-mR7GnSluAxN0fVm9/St0XDX4go0="
    },
    "safer-buffer": {
      "version": "2.1.2",
      "resolved": "https://registry.npm.taobao.org/safer-buffer/download/safer-buffer-2.1.2.tgz",
      "integrity": "sha1-RPoWGwGHuVSd2Eu5GAL5vYOFzWo="
    },
    "sax": {
      "version": "1.2.4",
      "resolved": "https://registry.npm.taobao.org/sax/download/sax-1.2.4.tgz",
      "integrity": "sha1-KBYjTiN4vdxOU1T6tcqold9xANk="
    },
    "semver": {
      "version": "5.7.1",
      "resolved": "https://registry.npm.taobao.org/semver/download/semver-5.7.1.tgz?cache=0&sync_timestamp=1606853731020&other_urls=https%3A%2F%2Fregistry.npm.taobao.org%2Fsemver%2Fdownload%2Fsemver-5.7.1.tgz",
      "integrity": "sha1-qVT5Ma66UI0we78Gnv8MAclhFvc="
    },
    "send": {
      "version": "0.17.1",
      "resolved": "https://registry.npm.taobao.org/send/download/send-0.17.1.tgz",
      "integrity": "sha1-wdiwWfeQD3Rm3Uk4vcROEd2zdsg=",
      "requires": {
        "debug": "2.6.9",
        "depd": "~1.1.2",
        "destroy": "~1.0.4",
        "encodeurl": "~1.0.2",
        "escape-html": "~1.0.3",
        "etag": "~1.8.1",
        "fresh": "0.5.2",
        "http-errors": "~1.7.2",
        "mime": "1.6.0",
        "ms": "2.1.1",
        "on-finished": "~2.3.0",
        "range-parser": "~1.2.1",
        "statuses": "~1.5.0"
      },
      "dependencies": {
        "ms": {
          "version": "2.1.1",
          "resolved": "https://registry.npm.taobao.org/ms/download/ms-2.1.1.tgz?cache=0&sync_timestamp=1607433912031&other_urls=https%3A%2F%2Fregistry.npm.taobao.org%2Fms%2Fdownload%2Fms-2.1.1.tgz",
          "integrity": "sha1-MKWGTrPrsKZvLr5tcnrwagnYbgo="
        }
      }
    },
    "serve-favicon": {
      "version": "2.5.0",
      "resolved": "https://registry.npm.taobao.org/serve-favicon/download/serve-favicon-2.5.0.tgz",
      "integrity": "sha1-k10kDN/g9YBTB/3+ln2IlCosvPA=",
      "requires": {
        "etag": "~1.8.1",
        "fresh": "0.5.2",
        "ms": "2.1.1",
        "parseurl": "~1.3.2",
        "safe-buffer": "5.1.1"
      },
      "dependencies": {
        "ms": {
          "version": "2.1.1",
          "resolved": "https://registry.npm.taobao.org/ms/download/ms-2.1.1.tgz?cache=0&sync_timestamp=1607433912031&other_urls=https%3A%2F%2Fregistry.npm.taobao.org%2Fms%2Fdownload%2Fms-2.1.1.tgz",
          "integrity": "sha1-MKWGTrPrsKZvLr5tcnrwagnYbgo="
        },
        "safe-buffer": {
          "version": "5.1.1",
          "resolved": "https://registry.npm.taobao.org/safe-buffer/download/safe-buffer-5.1.1.tgz?cache=0&sync_timestamp=1589682795646&other_urls=https%3A%2F%2Fregistry.npm.taobao.org%2Fsafe-buffer%2Fdownload%2Fsafe-buffer-5.1.1.tgz",
          "integrity": "sha1-iTMSr2myEj3vcfV4iQAWce6yyFM="
        }
      }
    },
    "serve-static": {
      "version": "1.14.1",
      "resolved": "https://registry.npm.taobao.org/serve-static/download/serve-static-1.14.1.tgz",
      "integrity": "sha1-Zm5jbcTwEPfvKZcKiKZ0MgiYsvk=",
      "requires": {
        "encodeurl": "~1.0.2",
        "escape-html": "~1.0.3",
        "parseurl": "~1.3.3",
        "send": "0.17.1"
      }
    },
    "setprototypeof": {
      "version": "1.1.1",
      "resolved": "https://registry.npm.taobao.org/setprototypeof/download/setprototypeof-1.1.1.tgz",
      "integrity": "sha1-fpWsskqpL1iF4KvvW6ExMw1K5oM="
    },
    "sqlstring": {
      "version": "2.3.1",
      "resolved": "https://registry.npm.taobao.org/sqlstring/download/sqlstring-2.3.1.tgz",
      "integrity": "sha1-R1OT/56RR5rqYtyvDKPRSYOn+0A="
    },
    "statuses": {
      "version": "1.5.0",
      "resolved": "https://registry.npm.taobao.org/statuses/download/statuses-1.5.0.tgz",
      "integrity": "sha1-Fhx9rBd2Wf2YEfQ3cfqZOBR4Yow="
    },
    "string-random": {
      "version": "0.1.3",
      "resolved": "https://registry.npm.taobao.org/string-random/download/string-random-0.1.3.tgz",
      "integrity": "sha1-CD85g1wkMP4L52uecvBzbi4Pe3Q="
    },
    "string_decoder": {
      "version": "1.1.1",
      "resolved": "https://registry.npm.taobao.org/string_decoder/download/string_decoder-1.1.1.tgz?cache=0&sync_timestamp=1589682743884&other_urls=https%3A%2F%2Fregistry.npm.taobao.org%2Fstring_decoder%2Fdownload%2Fstring_decoder-1.1.1.tgz",
      "integrity": "sha1-nPFhG6YmhdcDCunkujQUnDrwP8g=",
      "requires": {
        "safe-buffer": "~5.1.0"
      }
    },
    "supports-color": {
      "version": "5.5.0",
      "resolved": "https://registry.npm.taobao.org/supports-color/download/supports-color-5.5.0.tgz",
      "integrity": "sha1-4uaaRKyHcveKHsCzW2id9lMO/I8=",
      "requires": {
        "has-flag": "^3.0.0"
      }
    },
    "svg-captcha": {
      "version": "1.4.0",
      "resolved": "https://registry.npm.taobao.org/svg-captcha/download/svg-captcha-1.4.0.tgz",
      "integrity": "sha1-MurTxkY5NsIYuzvJ7QT+pO7/5JI=",
      "requires": {
        "opentype.js": "^0.7.3"
      }
    },
    "tiny-inflate": {
      "version": "1.0.3",
      "resolved": "https://registry.npm.taobao.org/tiny-inflate/download/tiny-inflate-1.0.3.tgz",
      "integrity": "sha1-EicVSUkToYBRZqr3yTRnkz7qJsQ="
    },
    "toidentifier": {
      "version": "1.0.0",
      "resolved": "https://registry.npm.taobao.org/toidentifier/download/toidentifier-1.0.0.tgz",
      "integrity": "sha1-fhvjRw8ed5SLxD2Uo8j013UrpVM="
    },
    "tslib": {
      "version": "1.10.0",
      "resolved": "https://registry.npm.taobao.org/tslib/download/tslib-1.10.0.tgz?cache=0&sync_timestamp=1602286724979&other_urls=https%3A%2F%2Fregistry.npm.taobao.org%2Ftslib%2Fdownload%2Ftslib-1.10.0.tgz",
      "integrity": "sha1-w8GflZc/sKYpc/sJ2Q2WHuQ+XIo="
    },
    "type-is": {
      "version": "1.6.18",
      "resolved": "https://registry.npm.taobao.org/type-is/download/type-is-1.6.18.tgz",
      "integrity": "sha1-TlUs0F3wlGfcvE73Od6J8s83wTE=",
      "requires": {
        "media-typer": "0.3.0",
        "mime-types": "~2.1.24"
      }
    },
    "uid-safe": {
      "version": "2.1.5",
      "resolved": "https://registry.npm.taobao.org/uid-safe/download/uid-safe-2.1.5.tgz",
      "integrity": "sha1-Kz1cckDo/C5Y+Komnl7knAhXvTo=",
      "requires": {
        "random-bytes": "~1.0.0"
      }
    },
    "underscore": {
      "version": "1.9.2",
      "resolved": "https://registry.npm.taobao.org/underscore/download/underscore-1.9.2.tgz?cache=0&sync_timestamp=1606179427294&other_urls=https%3A%2F%2Fregistry.npm.taobao.org%2Funderscore%2Fdownload%2Funderscore-1.9.2.tgz",
      "integrity": "sha1-DI1vU21vN4pa8mSnL3vsUP63zy8="
    },
    "unpipe": {
      "version": "1.0.0",
      "resolved": "https://registry.npm.taobao.org/unpipe/download/unpipe-1.0.0.tgz",
      "integrity": "sha1-sr9O6FFKrmFltIF4KdIbLvSZBOw="
    },
    "util-deprecate": {
      "version": "1.0.2",
      "resolved": "https://registry.npm.taobao.org/util-deprecate/download/util-deprecate-1.0.2.tgz",
      "integrity": "sha1-RQ1Nyfpw3nMnYvvS1KKJgUGaDM8="
    },
    "utils-merge": {
      "version": "1.0.1",
      "resolved": "https://registry.npm.taobao.org/utils-merge/download/utils-merge-1.0.1.tgz",
      "integrity": "sha1-n5VxD1CiZ5R7LMwSR0HBAoQn5xM="
    },
    "vary": {
      "version": "1.1.2",
      "resolved": "https://registry.npm.taobao.org/vary/download/vary-1.1.2.tgz",
      "integrity": "sha1-IpnwLG3tMNSllhsLn3RSShj2NPw="
    },
    "wangeditor": {
      "version": "4.5.4",
      "resolved": "https://registry.npm.taobao.org/wangeditor/download/wangeditor-4.5.4.tgz?cache=0&sync_timestamp=1608254083455&other_urls=https%3A%2F%2Fregistry.npm.taobao.org%2Fwangeditor%2Fdownload%2Fwangeditor-4.5.4.tgz",
      "integrity": "sha1-zOb3O5b9uc4fGaHpcuH9Cu+RkqY=",
      "requires": {
        "@babel/runtime": "^7.11.2",
        "@babel/runtime-corejs3": "^7.11.2"
      }
    },
    "xml2js": {
      "version": "0.4.23",
      "resolved": "https://registry.npm.taobao.org/xml2js/download/xml2js-0.4.23.tgz?cache=0&sync_timestamp=1594367750027&other_urls=https%3A%2F%2Fregistry.npm.taobao.org%2Fxml2js%2Fdownload%2Fxml2js-0.4.23.tgz",
      "integrity": "sha1-oMaVFnUkIesqx1juTUzPWIQ+rGY=",
      "requires": {
        "sax": ">=0.6.0",
        "xmlbuilder": "~11.0.0"
      }
    },
    "xmlbuilder": {
      "version": "11.0.1",
      "resolved": "https://registry.npm.taobao.org/xmlbuilder/download/xmlbuilder-11.0.1.tgz",
      "integrity": "sha1-vpuuHIoEbnazESdyY0fQrXACvrM="
    },
    "zrender": {
      "version": "5.0.1",
      "resolved": "https://registry.npm.taobao.org/zrender/download/zrender-5.0.1.tgz?cache=0&sync_timestamp=1605885988121&other_urls=https%3A%2F%2Fregistry.npm.taobao.org%2Fzrender%2Fdownload%2Fzrender-5.0.1.tgz",
      "integrity": "sha1-zDdxNqnQDQoXfKf2XDKu0pAZKNo=",
      "requires": {
        "tslib": "1.10.0"
      }
    }
  }
}
